// !$*UTF8*$!
{
	archiveVersion = 1;
	classes = {
	};
	objectVersion = 46;
	objects = {

/* Begin PBXBuildFile section */
		196229C31485488F000F8341 /* UIKit.framework in Frameworks */ = {isa = PBXBuildFile; fileRef = 196229C21485488F000F8341 /* UIKit.framework */; };
		196229C51485488F000F8341 /* Foundation.framework in Frameworks */ = {isa = PBXBuildFile; fileRef = 196229C41485488F000F8341 /* Foundation.framework */; };
		196229C71485488F000F8341 /* CoreGraphics.framework in Frameworks */ = {isa = PBXBuildFile; fileRef = 196229C61485488F000F8341 /* CoreGraphics.framework */; };
		196229CD1485488F000F8341 /* InfoPlist.strings in Resources */ = {isa = PBXBuildFile; fileRef = 196229CB1485488F000F8341 /* InfoPlist.strings */; };
		196229CF1485488F000F8341 /* main.m in Sources */ = {isa = PBXBuildFile; fileRef = 196229CE1485488F000F8341 /* main.m */; };
		196229D31485488F000F8341 /* WAMAppDelegate.m in Sources */ = {isa = PBXBuildFile; fileRef = 196229D21485488F000F8341 /* WAMAppDelegate.m */; };
		196229D61485488F000F8341 /* WAMRootViewController.m in Sources */ = {isa = PBXBuildFile; fileRef = 196229D51485488F000F8341 /* WAMRootViewController.m */; };
		196229D91485488F000F8341 /* WAMDataViewController.m in Sources */ = {isa = PBXBuildFile; fileRef = 196229D81485488F000F8341 /* WAMDataViewController.m */; };
		196229DC1485488F000F8341 /* WAMModelController.m in Sources */ = {isa = PBXBuildFile; fileRef = 196229DB1485488F000F8341 /* WAMModelController.m */; };
		196229DF1485488F000F8341 /* MainStoryboard.storyboard in Resources */ = {isa = PBXBuildFile; fileRef = 196229DD1485488F000F8341 /* MainStoryboard.storyboard */; };
		196229E71485488F000F8341 /* SenTestingKit.framework in Frameworks */ = {isa = PBXBuildFile; fileRef = 196229E61485488F000F8341 /* SenTestingKit.framework */; };
		196229E81485488F000F8341 /* UIKit.framework in Frameworks */ = {isa = PBXBuildFile; fileRef = 196229C21485488F000F8341 /* UIKit.framework */; };
		196229E91485488F000F8341 /* Foundation.framework in Frameworks */ = {isa = PBXBuildFile; fileRef = 196229C41485488F000F8341 /* Foundation.framework */; };
		196229F11485488F000F8341 /* InfoPlist.strings in Resources */ = {isa = PBXBuildFile; fileRef = 196229EF1485488F000F8341 /* InfoPlist.strings */; };
		196229F41485488F000F8341 /* WhackAMoleTests.m in Sources */ = {isa = PBXBuildFile; fileRef = 196229F31485488F000F8341 /* WhackAMoleTests.m */; };
/* End PBXBuildFile section */

/* Begin PBXContainerItemProxy section */
		196229EA1485488F000F8341 /* PBXContainerItemProxy */ = {
			isa = PBXContainerItemProxy;
			containerPortal = 196229B51485488F000F8341 /* Project object */;
			proxyType = 1;
			remoteGlobalIDString = 196229BD1485488F000F8341;
			remoteInfo = WhackAMole;
		};
/* End PBXContainerItemProxy section */

/* Begin PBXFileReference section */
		196229BE1485488F000F8341 /* WhackAMole.app */ = {isa = PBXFileReference; explicitFileType = wrapper.application; includeInIndex = 0; path = WhackAMole.app; sourceTree = BUILT_PRODUCTS_DIR; };
		196229C21485488F000F8341 /* UIKit.framework */ = {isa = PBXFileReference; lastKnownFileType = wrapper.framework; name = UIKit.framework; path = System/Library/Frameworks/UIKit.framework; sourceTree = SDKROOT; };
		196229C41485488F000F8341 /* Foundation.framework */ = {isa = PBXFileReference; lastKnownFileType = wrapper.framework; name = Foundation.framework; path = System/Library/Frameworks/Foundation.framework; sourceTree = SDKROOT; };
		196229C61485488F000F8341 /* CoreGraphics.framework */ = {isa = PBXFileReference; lastKnownFileType = wrapper.framework; name = CoreGraphics.framework; path = System/Library/Frameworks/CoreGraphics.framework; sourceTree = SDKROOT; };
		196229CA1485488F000F8341 /* WhackAMole-Info.plist */ = {isa = PBXFileReference; lastKnownFileType = text.plist.xml; path = "WhackAMole-Info.plist"; sourceTree = "<group>"; };
		196229CC1485488F000F8341 /* en */ = {isa = PBXFileReference; lastKnownFileType = text.plist.strings; name = en; path = en.lproj/InfoPlist.strings; sourceTree = "<group>"; };
		196229CE1485488F000F8341 /* main.m */ = {isa = PBXFileReference; lastKnownFileType = sourcecode.c.objc; path = main.m; sourceTree = "<group>"; };
		196229D01485488F000F8341 /* WhackAMole-Prefix.pch */ = {isa = PBXFileReference; lastKnownFileType = sourcecode.c.h; path = "WhackAMole-Prefix.pch"; sourceTree = "<group>"; };
		196229D11485488F000F8341 /* WAMAppDelegate.h */ = {isa = PBXFileReference; lastKnownFileType = sourcecode.c.h; path = WAMAppDelegate.h; sourceTree = "<group>"; };
		196229D21485488F000F8341 /* WAMAppDelegate.m */ = {isa = PBXFileReference; lastKnownFileType = sourcecode.c.objc; path = WAMAppDelegate.m; sourceTree = "<group>"; };
		196229D41485488F000F8341 /* WAMRootViewController.h */ = {isa = PBXFileReference; lastKnownFileType = sourcecode.c.h; path = WAMRootViewController.h; sourceTree = "<group>"; };
		196229D51485488F000F8341 /* WAMRootViewController.m */ = {isa = PBXFileReference; lastKnownFileType = sourcecode.c.objc; path = WAMRootViewController.m; sourceTree = "<group>"; };
		196229D71485488F000F8341 /* WAMDataViewController.h */ = {isa = PBXFileReference; lastKnownFileType = sourcecode.c.h; path = WAMDataViewController.h; sourceTree = "<group>"; };
		196229D81485488F000F8341 /* WAMDataViewController.m */ = {isa = PBXFileReference; lastKnownFileType = sourcecode.c.objc; path = WAMDataViewController.m; sourceTree = "<group>"; };
		196229DA1485488F000F8341 /* WAMModelController.h */ = {isa = PBXFileReference; lastKnownFileType = sourcecode.c.h; path = WAMModelController.h; sourceTree = "<group>"; };
		196229DB1485488F000F8341 /* WAMModelController.m */ = {isa = PBXFileReference; lastKnownFileType = sourcecode.c.objc; path = WAMModelController.m; sourceTree = "<group>"; };
		196229DE1485488F000F8341 /* en */ = {isa = PBXFileReference; lastKnownFileType = file.storyboard; name = en; path = en.lproj/MainStoryboard.storyboard; sourceTree = "<group>"; };
		196229E51485488F000F8341 /* WhackAMoleTests.octest */ = {isa = PBXFileReference; explicitFileType = wrapper.cfbundle; includeInIndex = 0; path = WhackAMoleTests.octest; sourceTree = BUILT_PRODUCTS_DIR; };
		196229E61485488F000F8341 /* SenTestingKit.framework */ = {isa = PBXFileReference; lastKnownFileType = wrapper.framework; name = SenTestingKit.framework; path = Library/Frameworks/SenTestingKit.framework; sourceTree = DEVELOPER_DIR; };
		196229EE1485488F000F8341 /* WhackAMoleTests-Info.plist */ = {isa = PBXFileReference; lastKnownFileType = text.plist.xml; path = "WhackAMoleTests-Info.plist"; sourceTree = "<group>"; };
		196229F01485488F000F8341 /* en */ = {isa = PBXFileReference; lastKnownFileType = text.plist.strings; name = en; path = en.lproj/InfoPlist.strings; sourceTree = "<group>"; };
		196229F21485488F000F8341 /* WhackAMoleTests.h */ = {isa = PBXFileReference; lastKnownFileType = sourcecode.c.h; path = WhackAMoleTests.h; sourceTree = "<group>"; };
		196229F31485488F000F8341 /* WhackAMoleTests.m */ = {isa = PBXFileReference; lastKnownFileType = sourcecode.c.objc; path = WhackAMoleTests.m; sourceTree = "<group>"; };
/* End PBXFileReference section */

/* Begin PBXFrameworksBuildPhase section */
		196229BB1485488F000F8341 /* Frameworks */ = {
			isa = PBXFrameworksBuildPhase;
			buildActionMask = 2147483647;
			files = (
				196229C31485488F000F8341 /* UIKit.framework in Frameworks */,
				196229C51485488F000F8341 /* Foundation.framework in Frameworks */,
				196229C71485488F000F8341 /* CoreGraphics.framework in Frameworks */,
			);
			runOnlyForDeploymentPostprocessing = 0;
		};
		196229E11485488F000F8341 /* Frameworks */ = {
			isa = PBXFrameworksBuildPhase;
			buildActionMask = 2147483647;
			files = (
				196229E71485488F000F8341 /* SenTestingKit.framework in Frameworks */,
				196229E81485488F000F8341 /* UIKit.framework in Frameworks */,
				196229E91485488F000F8341 /* Foundation.framework in Frameworks */,
			);
			runOnlyForDeploymentPostprocessing = 0;
		};
/* End PBXFrameworksBuildPhase section */

/* Begin PBXGroup section */
		196229B31485488F000F8341 = {
			isa = PBXGroup;
			children = (
				196229C81485488F000F8341 /* WhackAMole */,
				196229EC1485488F000F8341 /* WhackAMoleTests */,
				196229C11485488F000F8341 /* Frameworks */,
				196229BF1485488F000F8341 /* Products */,
			);
			sourceTree = "<group>";
		};
		196229BF1485488F000F8341 /* Products */ = {
			isa = PBXGroup;
			children = (
				196229BE1485488F000F8341 /* WhackAMole.app */,
				196229E51485488F000F8341 /* WhackAMoleTests.octest */,
			);
			name = Products;
			sourceTree = "<group>";
		};
		196229C11485488F000F8341 /* Frameworks */ = {
			isa = PBXGroup;
			children = (
				196229C21485488F000F8341 /* UIKit.framework */,
				196229C41485488F000F8341 /* Foundation.framework */,
				196229C61485488F000F8341 /* CoreGraphics.framework */,
				196229E61485488F000F8341 /* SenTestingKit.framework */,
			);
			name = Frameworks;
			sourceTree = "<group>";
		};
		196229C81485488F000F8341 /* WhackAMole */ = {
			isa = PBXGroup;
			children = (
				196229D11485488F000F8341 /* WAMAppDelegate.h */,
				196229D21485488F000F8341 /* WAMAppDelegate.m */,
				196229D41485488F000F8341 /* WAMRootViewController.h */,
				196229D51485488F000F8341 /* WAMRootViewController.m */,
				196229D71485488F000F8341 /* WAMDataViewController.h */,
				196229D81485488F000F8341 /* WAMDataViewController.m */,
				196229DA1485488F000F8341 /* WAMModelController.h */,
				196229DB1485488F000F8341 /* WAMModelController.m */,
				196229DD1485488F000F8341 /* MainStoryboard.storyboard */,
				196229C91485488F000F8341 /* Supporting Files */,
			);
			path = WhackAMole;
			sourceTree = "<group>";
		};
		196229C91485488F000F8341 /* Supporting Files */ = {
			isa = PBXGroup;
			children = (
				196229CA1485488F000F8341 /* WhackAMole-Info.plist */,
				196229CB1485488F000F8341 /* InfoPlist.strings */,
				196229CE1485488F000F8341 /* main.m */,
				196229D01485488F000F8341 /* WhackAMole-Prefix.pch */,
			);
			name = "Supporting Files";
			sourceTree = "<group>";
		};
		196229EC1485488F000F8341 /* WhackAMoleTests */ = {
			isa = PBXGroup;
			children = (
				196229F21485488F000F8341 /* WhackAMoleTests.h */,
				196229F31485488F000F8341 /* WhackAMoleTests.m */,
				196229ED1485488F000F8341 /* Supporting Files */,
			);
			path = WhackAMoleTests;
			sourceTree = "<group>";
		};
		196229ED1485488F000F8341 /* Supporting Files */ = {
			isa = PBXGroup;
			children = (
				196229EE1485488F000F8341 /* WhackAMoleTests-Info.plist */,
				196229EF1485488F000F8341 /* InfoPlist.strings */,
			);
			name = "Supporting Files";
			sourceTree = "<group>";
		};
/* End PBXGroup section */

/* Begin PBXNativeTarget section */
		196229BD1485488F000F8341 /* WhackAMole */ = {
			isa = PBXNativeTarget;
			buildConfigurationList = 196229F71485488F000F8341 /* Build configuration list for PBXNativeTarget "WhackAMole" */;
			buildPhases = (
				196229BA1485488F000F8341 /* Sources */,
				196229BB1485488F000F8341 /* Frameworks */,
				196229BC1485488F000F8341 /* Resources */,
			);
			buildRules = (
			);
			dependencies = (
			);
			name = WhackAMole;
			productName = WhackAMole;
			productReference = 196229BE1485488F000F8341 /* WhackAMole.app */;
			productType = "com.apple.product-type.application";
		};
		196229E41485488F000F8341 /* WhackAMoleTests */ = {
			isa = PBXNativeTarget;
			buildConfigurationList = 196229FA1485488F000F8341 /* Build configuration list for PBXNativeTarget "WhackAMoleTests" */;
			buildPhases = (
				196229E01485488F000F8341 /* Sources */,
				196229E11485488F000F8341 /* Frameworks */,
				196229E21485488F000F8341 /* Resources */,
				196229E31485488F000F8341 /* ShellScript */,
			);
			buildRules = (
			);
			dependencies = (
				196229EB1485488F000F8341 /* PBXTargetDependency */,
			);
			name = WhackAMoleTests;
			productName = WhackAMoleTests;
			productReference = 196229E51485488F000F8341 /* WhackAMoleTests.octest */;
			productType = "com.apple.product-type.bundle";
		};
/* End PBXNativeTarget section */

/* Begin PBXProject section */
		196229B51485488F000F8341 /* Project object */ = {
			isa = PBXProject;
			attributes = {
				LastUpgradeCheck = 0430;
			};
			buildConfigurationList = 196229B81485488F000F8341 /* Build configuration list for PBXProject "WhackAMole" */;
			compatibilityVersion = "Xcode 3.2";
			developmentRegion = English;
			hasScannedForEncodings = 0;
			knownRegions = (
				en,
			);
			mainGroup = 196229B31485488F000F8341;
			productRefGroup = 196229BF1485488F000F8341 /* Products */;
			projectDirPath = "";
			projectRoot = "";
			targets = (
				196229BD1485488F000F8341 /* WhackAMole */,
				196229E41485488F000F8341 /* WhackAMoleTests */,
			);
		};
/* End PBXProject section */

/* Begin PBXResourcesBuildPhase section */
		196229BC1485488F000F8341 /* Resources */ = {
			isa = PBXResourcesBuildPhase;
			buildActionMask = 2147483647;
			files = (
				196229CD1485488F000F8341 /* InfoPlist.strings in Resources */,
				196229DF1485488F000F8341 /* MainStoryboard.storyboard in Resources */,
			);
			runOnlyForDeploymentPostprocessing = 0;
		};
		196229E21485488F000F8341 /* Resources */ = {
			isa = PBXResourcesBuildPhase;
			buildActionMask = 2147483647;
			files = (
				196229F11485488F000F8341 /* InfoPlist.strings in Resources */,
			);
			runOnlyForDeploymentPostprocessing = 0;
		};
/* End PBXResourcesBuildPhase section */

/* Begin PBXShellScriptBuildPhase section */
		196229E31485488F000F8341 /* ShellScript */ = {
			isa = PBXShellScriptBuildPhase;
			buildActionMask = 2147483647;
			files = (
			);
			inputPaths = (
			);
			outputPaths = (
			);
			runOnlyForDeploymentPostprocessing = 0;
			shellPath = /bin/sh;
			shellScript = "# Run the unit tests in this test bundle.\n\"${SYSTEM_DEVELOPER_DIR}/Tools/RunUnitTests\"\n";
		};
/* End PBXShellScriptBuildPhase section */

/* Begin PBXSourcesBuildPhase section */
		196229BA1485488F000F8341 /* Sources */ = {
			isa = PBXSourcesBuildPhase;
			buildActionMask = 2147483647;
			files = (
				196229CF1485488F000F8341 /* main.m in Sources */,
				196229D31485488F000F8341 /* WAMAppDelegate.m in Sources */,
				196229D61485488F000F8341 /* WAMRootViewController.m in Sources */,
				196229D91485488F000F8341 /* WAMDataViewController.m in Sources */,
				196229DC1485488F000F8341 /* WAMModelController.m in Sources */,
			);
			runOnlyForDeploymentPostprocessing = 0;
		};
		196229E01485488F000F8341 /* Sources */ = {
			isa = PBXSourcesBuildPhase;
			buildActionMask = 2147483647;
			files = (
				196229F41485488F000F8341 /* WhackAMoleTests.m in Sources */,
			);
			runOnlyForDeploymentPostprocessing = 0;
		};
/* End PBXSourcesBuildPhase section */

/* Begin PBXTargetDependency section */
		196229EB1485488F000F8341 /* PBXTargetDependency */ = {
			isa = PBXTargetDependency;
			target = 196229BD1485488F000F8341 /* WhackAMole */;
			targetProxy = 196229EA1485488F000F8341 /* PBXContainerItemProxy */;
		};
/* End PBXTargetDependency section */

/* Begin PBXVariantGroup section */
		196229CB1485488F000F8341 /* InfoPlist.strings */ = {
			isa = PBXVariantGroup;
			children = (
				196229CC1485488F000F8341 /* en */,
			);
			name = InfoPlist.strings;
			sourceTree = "<group>";
		};
		196229DD1485488F000F8341 /* MainStoryboard.storyboard */ = {
			isa = PBXVariantGroup;
			children = (
				196229DE1485488F000F8341 /* en */,
			);
			name = MainStoryboard.storyboard;
			sourceTree = "<group>";
		};
		196229EF1485488F000F8341 /* InfoPlist.strings */ = {
			isa = PBXVariantGroup;
			children = (
				196229F01485488F000F8341 /* en */,
			);
			name = InfoPlist.strings;
			sourceTree = "<group>";
		};
/* End PBXVariantGroup section */

/* Begin XCBuildConfiguration section */
		196229F51485488F000F8341 /* Debug */ = {
			isa = XCBuildConfiguration;
			buildSettings = {
				ALWAYS_SEARCH_USER_PATHS = NO;
				ARCHS = "$(ARCHS_STANDARD_32_BIT)";
				CLANG_ENABLE_OBJC_ARC = YES;
				"CODE_SIGN_IDENTITY[sdk=iphoneos*]" = "iPhone Developer";
				COPY_PHASE_STRIP = NO;
				GCC_C_LANGUAGE_STANDARD = gnu99;
				GCC_DYNAMIC_NO_PIC = NO;
				GCC_OPTIMIZATION_LEVEL = 0;
				GCC_PREPROCESSOR_DEFINITIONS = (
					"DEBUG=1",
					"$(inherited)",
				);
				GCC_SYMBOLS_PRIVATE_EXTERN = NO;
				GCC_VERSION = com.apple.compilers.llvm.clang.1_0;
				GCC_WARN_ABOUT_MISSING_PROTOTYPES = YES;
				GCC_WARN_ABOUT_RETURN_TYPE = YES;
				GCC_WARN_UNUSED_VARIABLE = YES;
				IPHONEOS_DEPLOYMENT_TARGET = 5.1;
				SDKROOT = iphoneos;
			};
			name = Debug;
		};
		196229F61485488F000F8341 /* Release */ = {
			isa = XCBuildConfiguration;
			buildSettings = {
				ALWAYS_SEARCH_USER_PATHS = NO;
				ARCHS = "$(ARCHS_STANDARD_32_BIT)";
				CLANG_ENABLE_OBJC_ARC = YES;
				"CODE_SIGN_IDENTITY[sdk=iphoneos*]" = "iPhone Developer";
				COPY_PHASE_STRIP = YES;
				GCC_C_LANGUAGE_STANDARD = gnu99;
				GCC_VERSION = com.apple.compilers.llvm.clang.1_0;
				GCC_WARN_ABOUT_MISSING_PROTOTYPES = YES;
				GCC_WARN_ABOUT_RETURN_TYPE = YES;
				GCC_WARN_UNUSED_VARIABLE = YES;
				IPHONEOS_DEPLOYMENT_TARGET = 5.1;
				OTHER_CFLAGS = "-DNS_BLOCK_ASSERTIONS=1";
				SDKROOT = iphoneos;
				VALIDATE_PRODUCT = YES;
			};
			name = Release;
		};
		196229F81485488F000F8341 /* Debug */ = {
			isa = XCBuildConfiguration;
			buildSettings = {
				GCC_PRECOMPILE_PREFIX_HEADER = YES;
				GCC_PREFIX_HEADER = "WhackAMole/WhackAMole-Prefix.pch";
				INFOPLIST_FILE = "WhackAMole/WhackAMole-Info.plist";
				PRODUCT_NAME = "$(TARGET_NAME)";
				WRAPPER_EXTENSION = app;
			};
			name = Debug;
		};
		196229F91485488F000F8341 /* Release */ = {
			isa = XCBuildConfiguration;
			buildSettings = {
				GCC_PRECOMPILE_PREFIX_HEADER = YES;
				GCC_PREFIX_HEADER = "WhackAMole/WhackAMole-Prefix.pch";
				INFOPLIST_FILE = "WhackAMole/WhackAMole-Info.plist";
				PRODUCT_NAME = "$(TARGET_NAME)";
				WRAPPER_EXTENSION = app;
			};
			name = Release;
		};
		196229FB1485488F000F8341 /* Debug */ = {
			isa = XCBuildConfiguration;
			buildSettings = {
				BUNDLE_LOADER = "$(BUILT_PRODUCTS_DIR)/WhackAMole.app/WhackAMole";
				FRAMEWORK_SEARCH_PATHS = (
					"$(SDKROOT)/Developer/Library/Frameworks",
					"$(DEVELOPER_LIBRARY_DIR)/Frameworks",
				);
				GCC_PRECOMPILE_PREFIX_HEADER = YES;
				GCC_PREFIX_HEADER = "WhackAMole/WhackAMole-Prefix.pch";
				INFOPLIST_FILE = "WhackAMoleTests/WhackAMoleTests-Info.plist";
				PRODUCT_NAME = "$(TARGET_NAME)";
				TEST_HOST = "$(BUNDLE_LOADER)";
				WRAPPER_EXTENSION = octest;
			};
			name = Debug;
		};
		196229FC1485488F000F8341 /* Release */ = {
			isa = XCBuildConfiguration;
			buildSettings = {
				BUNDLE_LOADER = "$(BUILT_PRODUCTS_DIR)/WhackAMole.app/WhackAMole";
				FRAMEWORK_SEARCH_PATHS = (
					"$(SDKROOT)/Developer/Library/Frameworks",
					"$(DEVELOPER_LIBRARY_DIR)/Frameworks",
				);
				GCC_PRECOMPILE_PREFIX_HEADER = YES;
				GCC_PREFIX_HEADER = "WhackAMole/WhackAMole-Prefix.pch";
				INFOPLIST_FILE = "WhackAMoleTests/WhackAMoleTests-Info.plist";
				PRODUCT_NAME = "$(TARGET_NAME)";
				TEST_HOST = "$(BUNDLE_LOADER)";
				WRAPPER_EXTENSION = octest;
			};
			name = Release;
		};
/* End XCBuildConfiguration section */

/* Begin XCConfigurationList section */
		196229B81485488F000F8341 /* Build configuration list for PBXProject "WhackAMole" */ = {
			isa = XCConfigurationList;
			buildConfigurations = (
				196229F51485488F000F8341 /* Debug */,
				196229F61485488F000F8341 /* Release */,
			);
			defaultConfigurationIsVisible = 0;
			defaultConfigurationName = Release;
		};
		196229F71485488F000F8341 /* Build configuration list for PBXNativeTarget "WhackAMole" */ = {
			isa = XCConfigurationList;
			buildConfigurations = (
				196229F81485488F000F8341 /* Debug */,
				196229F91485488F000F8341 /* Release */,
			);
			defaultConfigurationIsVisible = 0;
		};
		196229FA1485488F000F8341 /* Build configuration list for PBXNativeTarget "WhackAMoleTests" */ = {
			isa = XCConfigurationList;
			buildConfigurations = (
				196229FB1485488F000F8341 /* Debug */,
				196229FC1485488F000F8341 /* Release */,
			);
			defaultConfigurationIsVisible = 0;
		};
/* End XCConfigurationList section */
	};
	rootObject = 196229B51485488F000F8341 /* Project object */;
}
